
Microsoft Visual Studio Solution File, Format Version 12.00
# Visual Studio Version 17
VisualStudioVersion = 17.0.31903.59
MinimumVisualStudioVersion = 10.0.40219.1
Project("{FAE04EC0-301F-11D3-BF4B-00C04F79EFBC}") = "ColorSpheres", "ColorSpheres\ColorSpheres.csproj", "{747A112C-5DC5-46D4-BB92-0DA11B677A99}"
EndProject
Project("{FAE04EC0-301F-11D3-BF4B-00C04F79EFBC}") = "BetterColorSpheres", "BetterColorSpheres\BetterColorSpheres.csproj", "{1FEE5D87-BEBD-47C7-B578-41F170F615F3}"
EndProject
Project("{FAE04EC0-301F-11D3-BF4B-00C04F79EFBC}") = "PlayerStats", "PlayerStats\PlayerStats.csproj", "{EC068393-6226-4440-8B05-E9475F447FCA}"
EndProject
Project("{FAE04EC0-301F-11D3-BF4B-00C04F79EFBC}") = "MyRoguelike", "MyRoguelike\MyRoguelike.csproj", "{F02D90C4-E6F5-422B-A05D-FD3015A2D541}"
EndProject
Global
	GlobalSection(SolutionConfigurationPlatforms) = preSolution
		Debug|Any CPU = Debug|Any CPU
		Release|Any CPU = Release|Any CPU
	EndGlobalSection
	GlobalSection(SolutionProperties) = preSolution
		HideSolutionNode = FALSE
	EndGlobalSection
	GlobalSection(ProjectConfigurationPlatforms) = postSolution
		{747A112C-5DC5-46D4-BB92-0DA11B677A99}.Debug|Any CPU.ActiveCfg = Debug|Any CPU
		{747A112C-5DC5-46D4-BB92-0DA11B677A99}.Debug|Any CPU.Build.0 = Debug|Any CPU
		{747A112C-5DC5-46D4-BB92-0DA11B677A99}.Release|Any CPU.ActiveCfg = Release|Any CPU
		{747A112C-5DC5-46D4-BB92-0DA11B677A99}.Release|Any CPU.Build.0 = Release|Any CPU
		{1FEE5D87-BEBD-47C7-B578-41F170F615F3}.Debug|Any CPU.ActiveCfg = Debug|Any CPU
		{1FEE5D87-BEBD-47C7-B578-41F170F615F3}.Debug|Any CPU.Build.0 = Debug|Any CPU
		{1FEE5D87-BEBD-47C7-B578-41F170F615F3}.Release|Any CPU.ActiveCfg = Release|Any CPU
		{1FEE5D87-BEBD-47C7-B578-41F170F615F3}.Release|Any CPU.Build.0 = Release|Any CPU
		{EC068393-6226-4440-8B05-E9475F447FCA}.Debug|Any CPU.ActiveCfg = Debug|Any CPU
		{EC068393-6226-4440-8B05-E9475F447FCA}.Debug|Any CPU.Build.0 = Debug|Any CPU
		{EC068393-6226-4440-8B05-E9475F447FCA}.Release|Any CPU.ActiveCfg = Release|Any CPU
		{EC068393-6226-4440-8B05-E9475F447FCA}.Release|Any CPU.Build.0 = Release|Any CPU
		{F02D90C4-E6F5-422B-A05D-FD3015A2D541}.Debug|Any CPU.ActiveCfg = Debug|Any CPU
		{F02D90C4-E6F5-422B-A05D-FD3015A2D541}.Debug|Any CPU.Build.0 = Debug|Any CPU
		{F02D90C4-E6F5-422B-A05D-FD3015A2D541}.Release|Any CPU.ActiveCfg = Release|Any CPU
		{F02D90C4-E6F5-422B-A05D-FD3015A2D541}.Release|Any CPU.Build.0 = Release|Any CPU
	EndGlobalSection
EndGlobal
